schema: '2.0'
stages:
  load_data:
    cmd: python src/load_data.py --config=params.yaml
    deps:
    - path: data_given/winequality.csv
      hash: md5
      md5: ccc8d3507eb151f53f760d36abdef888
      size: 91998
    - path: src/get_data.py
      hash: md5
      md5: 9eaad12cdc12ce5c31832270f0437c75
      size: 655
    - path: src/load_data.py
      hash: md5
      md5: bf9ea6e0fcd2ef3899ba4c7d8292dec1
      size: 648
    outs:
    - path: data/raw/winequality.csv
      hash: md5
      md5: d98e8f2eca228c11c4de1cc96866a54d
      size: 91998
